[[dependencies]]
name = "@chainlink-contracts"
version = "0.8.0"
url = "https://soldeer-revisions.s3.amazonaws.com/@chainlink-contracts/0_8_0_19-08-2024_05:20:58_contracts.zip"
checksum = "50ce636a44481861e537607fbc85a97fa67a27db789758722c29caff9fbb5e85"
integrity = "616de8cc104f6b5a44f47dbc791acce4f5c910ced07628dc0c31bbe773264d65"

[[dependencies]]
name = "@openzeppelin-contracts"
version = "5.2.0"
url = "https://soldeer-revisions.s3.amazonaws.com/@openzeppelin-contracts/5_2_0_11-01-2025_09:30:20_contracts.zip"
checksum = "6dbd0440446b2ed16ca25e9f1af08fc0c5c1e73e71fee86ae8a00daa774e3817"
integrity = "4cb7f3777f67fdf4b7d0e2f94d2f93f198b2e5dce718b7062ac7c2c83e1183bd"

[[dependencies]]
name = "@openzeppelin-contracts-upgradeable"
version = "5.2.0"
url = "https://soldeer-revisions.s3.amazonaws.com/@openzeppelin-contracts-upgradeable/5_2_0_11-01-2025_09:30:25_contracts-upgradeable.zip"
checksum = "25d9cf22b6f4d8da7975f24234eefbf6c71348464ea74c8fdd481be3811767f5"
integrity = "498747bedc3f757976da0b6125d26a63e79bb2b4dbabd8ecd2547e809a2fa27e"

[[dependencies]]
name = "forge-std"
version = "1.9.6"
url = "https://soldeer-revisions.s3.amazonaws.com/forge-std/1_9_6_01-02-2025_20:49:10_forge-std-1.9.zip"
checksum = "55f341818321b3f925161a72fd0dcd62e4a0a4b66785a7a932bf2bfaf96fb9d1"
integrity = "e9ecdc364d152157431e5df5aa041ffddbe9bb1c1ad81634b1e72df9e23814e8"

[[dependencies]]
name = "openzeppelin-foundry-upgrades"
version = "0.4.0"
url = "https://soldeer-revisions.s3.amazonaws.com/openzeppelin-foundry-upgrades/0_4_0_27-01-2025_18:32:41_openzeppelin-foundry-upgrades.zip"
checksum = "d38121a53a68c9a3e10032d37c712b28604a673c77b7186332f65c423e53cc45"
integrity = "7453d9ee76f1bbf72424354de766dd2a4af61ec33968b4e0da111e6d734943e2"

[[dependencies]]
name = "uniswap-v3-periphery"
version = "1.3.0"
git = "https://github.com/Uniswap/v3-periphery.git"
rev = "0682387198a24c7cd63566a2c58398533860a5d1"
